
Microsoft Visual Studio Solution File, Format Version 12.00
# Visual Studio Version 16
VisualStudioVersion = 16.0.32602.291
MinimumVisualStudioVersion = 10.0.40219.1
Project("{FAE04EC0-301F-11D3-BF4B-00C04F79EFBC}") = "Api_Student", "Api_Student\Api_Student.csproj", "{08C03F62-EEB5-4BC2-87A9-02E9EFAAD048}"
EndProject
Global
	GlobalSection(SolutionConfigurationPlatforms) = preSolution
		Debug|Any CPU = Debug|Any CPU
		Release|Any CPU = Release|Any CPU
	EndGlobalSection
	GlobalSection(ProjectConfigurationPlatforms) = postSolution
		{08C03F62-EEB5-4BC2-87A9-02E9EFAAD048}.Debug|Any CPU.ActiveCfg = Debug|Any CPU
		{08C03F62-EEB5-4BC2-87A9-02E9EFAAD048}.Debug|Any CPU.Build.0 = Debug|Any CPU
		{08C03F62-EEB5-4BC2-87A9-02E9EFAAD048}.Release|Any CPU.ActiveCfg = Release|Any CPU
		{08C03F62-EEB5-4BC2-87A9-02E9EFAAD048}.Release|Any CPU.Build.0 = Release|Any CPU
	EndGlobalSection
	GlobalSection(SolutionProperties) = preSolution
		HideSolutionNode = FALSE
	EndGlobalSection
	GlobalSection(ExtensibilityGlobals) = postSolution
		SolutionGuid = {D6B3E9BD-7504-485F-A784-FCDA34D26F07}
	EndGlobalSection
EndGlobal
